
Microsoft Visual Studio Solution File, Format Version 12.00
# Visual Studio 2013
VisualStudioVersion = 12.0.31101.0
MinimumVisualStudioVersion = 10.0.40219.1
Project("{FAE04EC0-301F-11D3-BF4B-00C04F79EFBC}") = "ClrCoder.System", "ClrCoder.System\ClrCoder.System.csproj", "{89FC62E1-2872-4BC5-99C7-91EC30500926}"
EndProject
Project("{FAE04EC0-301F-11D3-BF4B-00C04F79EFBC}") = "ClrCoder.System.Tests", "ClrCoder.System.Tests\ClrCoder.System.Tests.csproj", "{89E7326E-916C-4D48-96FE-273EA96338A8}"
EndProject
Project("{2150E333-8FDC-42A3-9474-1A3956D46DE8}") = ".nuget", ".nuget", "{1C749AB4-44D9-48AB-BF88-AEE2247B262A}"
	ProjectSection(SolutionItems) = preProject
		.nuget\NuGet.Config = .nuget\NuGet.Config
		.nuget\NuGet.exe = .nuget\NuGet.exe
		.nuget\NuGet.targets = .nuget\NuGet.targets
	EndProjectSection
EndProject
Project("{FAE04EC0-301F-11D3-BF4B-00C04F79EFBC}") = "ClrCoder.System.Net.Http", "ClrCoder.System.Net.Http\ClrCoder.System.Net.Http.csproj", "{503C2C5E-B2CC-4D69-BA19-741FBB00DFA1}"
EndProject
Global
	GlobalSection(SolutionConfigurationPlatforms) = preSolution
		Debug|Any CPU = Debug|Any CPU
		Release|Any CPU = Release|Any CPU
	EndGlobalSection
	GlobalSection(ProjectConfigurationPlatforms) = postSolution
		{89FC62E1-2872-4BC5-99C7-91EC30500926}.Debug|Any CPU.ActiveCfg = Debug|Any CPU
		{89FC62E1-2872-4BC5-99C7-91EC30500926}.Debug|Any CPU.Build.0 = Debug|Any CPU
		{89FC62E1-2872-4BC5-99C7-91EC30500926}.Release|Any CPU.ActiveCfg = Release|Any CPU
		{89FC62E1-2872-4BC5-99C7-91EC30500926}.Release|Any CPU.Build.0 = Release|Any CPU
		{89E7326E-916C-4D48-96FE-273EA96338A8}.Debug|Any CPU.ActiveCfg = Debug|Any CPU
		{89E7326E-916C-4D48-96FE-273EA96338A8}.Debug|Any CPU.Build.0 = Debug|Any CPU
		{89E7326E-916C-4D48-96FE-273EA96338A8}.Release|Any CPU.ActiveCfg = Release|Any CPU
		{89E7326E-916C-4D48-96FE-273EA96338A8}.Release|Any CPU.Build.0 = Release|Any CPU
		{503C2C5E-B2CC-4D69-BA19-741FBB00DFA1}.Debug|Any CPU.ActiveCfg = Debug|Any CPU
		{503C2C5E-B2CC-4D69-BA19-741FBB00DFA1}.Debug|Any CPU.Build.0 = Debug|Any CPU
		{503C2C5E-B2CC-4D69-BA19-741FBB00DFA1}.Release|Any CPU.ActiveCfg = Release|Any CPU
		{503C2C5E-B2CC-4D69-BA19-741FBB00DFA1}.Release|Any CPU.Build.0 = Release|Any CPU
	EndGlobalSection
	GlobalSection(SolutionProperties) = preSolution
		HideSolutionNode = FALSE
	EndGlobalSection
EndGlobal
