
Microsoft Visual Studio Solution File, Format Version 12.00
# Visual Studio 14
VisualStudioVersion = 14.0.25420.1
MinimumVisualStudioVersion = 10.0.40219.1
Project("{2150E333-8FDC-42A3-9474-1A3956D46DE8}") = "Docs", "Docs", "{5DE7A5A2-0190-4737-B205-9E82CF24B4A9}"
	ProjectSection(SolutionItems) = preProject
		..\docs\C# Style settings.html = ..\docs\C# Style settings.html
	EndProjectSection
EndProject
Project("{8BB2217D-0F2D-49D1-97BC-3654ED321F3B}") = "ClrCoder", "ClrCoder\ClrCoder.xproj", "{128376A9-B458-4CDC-97B8-394BF4C61226}"
EndProject
Project("{2150E333-8FDC-42A3-9474-1A3956D46DE8}") = "CoreCLR Build", "CoreCLR Build", "{A8669C8A-3DB4-4DF9-A545-0A9125F78065}"
	ProjectSection(SolutionItems) = preProject
		..\global.json = ..\global.json
	EndProjectSection
EndProject
Project("{8BB2217D-0F2D-49D1-97BC-3654ED321F3B}") = "ClrCoder.AspNetCore", "ClrCoder.AspNetCore\ClrCoder.AspNetCore.xproj", "{32339750-7DBF-4154-8304-810FD473C28F}"
EndProject
Project("{8BB2217D-0F2D-49D1-97BC-3654ED321F3B}") = "ClrCoder.Tests", "ClrCoder.Tests\ClrCoder.Tests.xproj", "{298FAA4E-BFD2-4F5B-90C2-7C8290FD658A}"
EndProject
Project("{8BB2217D-0F2D-49D1-97BC-3654ED321F3B}") = "ClrCoder.Cluster", "ClrCoder.Cluster\ClrCoder.Cluster.xproj", "{D1915D9E-CD5A-4178-AE59-D4A57BD1FC85}"
EndProject
Project("{8BB2217D-0F2D-49D1-97BC-3654ED321F3B}") = "ClrCoder.Collections", "ClrCoder.Collections\ClrCoder.Collections.xproj", "{31305B3A-93C9-4949-9CE2-7BFA75561621}"
EndProject
Project("{8BB2217D-0F2D-49D1-97BC-3654ED321F3B}") = "ClrCoder.Collections.ReadOnlySet", "ClrCoder.Collections.ReadOnlySet\ClrCoder.Collections.ReadOnlySet.xproj", "{CE845ED0-70DE-47CA-8022-0D75B6262188}"
EndProject
Project("{8BB2217D-0F2D-49D1-97BC-3654ED321F3B}") = "ClrCoder.Collections.Rich", "ClrCoder.Collections.Rich\ClrCoder.Collections.Rich.xproj", "{1BBB1305-C469-4312-90D1-1291D7F17820}"
EndProject
Project("{8BB2217D-0F2D-49D1-97BC-3654ED321F3B}") = "ClrCoder.Private.CoreLib", "ClrCoder.Private.CoreLib\ClrCoder.Private.CoreLib.xproj", "{E0C4FA54-4F7B-4F52-91CD-5501A2A483BF}"
EndProject
Project("{8BB2217D-0F2D-49D1-97BC-3654ED321F3B}") = "ClrCoder.Runtime.Immutability", "ClrCoder.Runtime.Immutability\ClrCoder.Runtime.Immutability.xproj", "{BF95651E-A0B2-4D45-8854-DCE7EC50F79F}"
EndProject
Global
	GlobalSection(SolutionConfigurationPlatforms) = preSolution
		Debug|Any CPU = Debug|Any CPU
		Release|Any CPU = Release|Any CPU
	EndGlobalSection
	GlobalSection(ProjectConfigurationPlatforms) = postSolution
		{128376A9-B458-4CDC-97B8-394BF4C61226}.Debug|Any CPU.ActiveCfg = Debug|Any CPU
		{128376A9-B458-4CDC-97B8-394BF4C61226}.Debug|Any CPU.Build.0 = Debug|Any CPU
		{128376A9-B458-4CDC-97B8-394BF4C61226}.Release|Any CPU.ActiveCfg = Release|Any CPU
		{128376A9-B458-4CDC-97B8-394BF4C61226}.Release|Any CPU.Build.0 = Release|Any CPU
		{32339750-7DBF-4154-8304-810FD473C28F}.Debug|Any CPU.ActiveCfg = Debug|Any CPU
		{32339750-7DBF-4154-8304-810FD473C28F}.Debug|Any CPU.Build.0 = Debug|Any CPU
		{32339750-7DBF-4154-8304-810FD473C28F}.Release|Any CPU.ActiveCfg = Release|Any CPU
		{32339750-7DBF-4154-8304-810FD473C28F}.Release|Any CPU.Build.0 = Release|Any CPU
		{298FAA4E-BFD2-4F5B-90C2-7C8290FD658A}.Debug|Any CPU.ActiveCfg = Debug|Any CPU
		{298FAA4E-BFD2-4F5B-90C2-7C8290FD658A}.Debug|Any CPU.Build.0 = Debug|Any CPU
		{298FAA4E-BFD2-4F5B-90C2-7C8290FD658A}.Release|Any CPU.ActiveCfg = Release|Any CPU
		{298FAA4E-BFD2-4F5B-90C2-7C8290FD658A}.Release|Any CPU.Build.0 = Release|Any CPU
		{D1915D9E-CD5A-4178-AE59-D4A57BD1FC85}.Debug|Any CPU.ActiveCfg = Debug|Any CPU
		{D1915D9E-CD5A-4178-AE59-D4A57BD1FC85}.Debug|Any CPU.Build.0 = Debug|Any CPU
		{D1915D9E-CD5A-4178-AE59-D4A57BD1FC85}.Release|Any CPU.ActiveCfg = Release|Any CPU
		{D1915D9E-CD5A-4178-AE59-D4A57BD1FC85}.Release|Any CPU.Build.0 = Release|Any CPU
		{31305B3A-93C9-4949-9CE2-7BFA75561621}.Debug|Any CPU.ActiveCfg = Debug|Any CPU
		{31305B3A-93C9-4949-9CE2-7BFA75561621}.Debug|Any CPU.Build.0 = Debug|Any CPU
		{31305B3A-93C9-4949-9CE2-7BFA75561621}.Release|Any CPU.ActiveCfg = Release|Any CPU
		{31305B3A-93C9-4949-9CE2-7BFA75561621}.Release|Any CPU.Build.0 = Release|Any CPU
		{CE845ED0-70DE-47CA-8022-0D75B6262188}.Debug|Any CPU.ActiveCfg = Debug|Any CPU
		{CE845ED0-70DE-47CA-8022-0D75B6262188}.Debug|Any CPU.Build.0 = Debug|Any CPU
		{CE845ED0-70DE-47CA-8022-0D75B6262188}.Release|Any CPU.ActiveCfg = Release|Any CPU
		{CE845ED0-70DE-47CA-8022-0D75B6262188}.Release|Any CPU.Build.0 = Release|Any CPU
		{1BBB1305-C469-4312-90D1-1291D7F17820}.Debug|Any CPU.ActiveCfg = Debug|Any CPU
		{1BBB1305-C469-4312-90D1-1291D7F17820}.Debug|Any CPU.Build.0 = Debug|Any CPU
		{1BBB1305-C469-4312-90D1-1291D7F17820}.Release|Any CPU.ActiveCfg = Release|Any CPU
		{1BBB1305-C469-4312-90D1-1291D7F17820}.Release|Any CPU.Build.0 = Release|Any CPU
		{E0C4FA54-4F7B-4F52-91CD-5501A2A483BF}.Debug|Any CPU.ActiveCfg = Debug|Any CPU
		{E0C4FA54-4F7B-4F52-91CD-5501A2A483BF}.Debug|Any CPU.Build.0 = Debug|Any CPU
		{E0C4FA54-4F7B-4F52-91CD-5501A2A483BF}.Release|Any CPU.ActiveCfg = Release|Any CPU
		{E0C4FA54-4F7B-4F52-91CD-5501A2A483BF}.Release|Any CPU.Build.0 = Release|Any CPU
		{BF95651E-A0B2-4D45-8854-DCE7EC50F79F}.Debug|Any CPU.ActiveCfg = Debug|Any CPU
		{BF95651E-A0B2-4D45-8854-DCE7EC50F79F}.Debug|Any CPU.Build.0 = Debug|Any CPU
		{BF95651E-A0B2-4D45-8854-DCE7EC50F79F}.Release|Any CPU.ActiveCfg = Release|Any CPU
		{BF95651E-A0B2-4D45-8854-DCE7EC50F79F}.Release|Any CPU.Build.0 = Release|Any CPU
	EndGlobalSection
	GlobalSection(SolutionProperties) = preSolution
		HideSolutionNode = FALSE
	EndGlobalSection
EndGlobal
